
Microsoft Visual Studio Solution File, Format Version 12.00
# Visual Studio 15
VisualStudioVersion = 15.0.26124.0
MinimumVisualStudioVersion = 15.0.26124.0
Project("{9A19103F-16F7-4668-BE54-9A1E7A4F7556}") = "SocialNetwork.Core", "SocialNetwork.Core\SocialNetwork.Core.csproj", "{EBDBAF6A-1943-4E4C-AE05-D38CFA5E8CE1}"
EndProject
Project("{9A19103F-16F7-4668-BE54-9A1E7A4F7556}") = "SocialNetwork.Data", "SocialNetwork.Data\SocialNetwork.Data.csproj", "{3817630B-63D0-4B89-8A59-D969B00E5CDA}"
EndProject
Project("{9A19103F-16F7-4668-BE54-9A1E7A4F7556}") = "SocialNetwork.Services", "SocialNetwork.Services\SocialNetwork.Services.csproj", "{96F2DC1B-B870-472A-B4C7-F5F3D36F10F4}"
EndProject
Project("{9A19103F-16F7-4668-BE54-9A1E7A4F7556}") = "SocialNetwork.DataAccess", "SocialNetwork.DataAccess\SocialNetwork.DataAccess.csproj", "{06B37E2B-20F7-4840-8B1B-EE710A93E15D}"
EndProject
Project("{9A19103F-16F7-4668-BE54-9A1E7A4F7556}") = "SocialNetwork.Business", "SocialNetwork.Business\SocialNetwork.Business.csproj", "{15F2EA46-010C-4D04-AE27-C19B53D3151D}"
EndProject
Project("{9A19103F-16F7-4668-BE54-9A1E7A4F7556}") = "SocialNetwork.WebHelper", "SocialNetwork.WebHelper\SocialNetwork.WebHelper.csproj", "{82558D7E-9947-45D1-926D-A81B1044BA29}"
EndProject
Project("{9A19103F-16F7-4668-BE54-9A1E7A4F7556}") = "SocialNetwork.Website", "SocialNetwork.Website\SocialNetwork.Website.csproj", "{3219AF7D-8B22-4EF6-91FF-5AF3B2AE8144}"
EndProject
Project("{9A19103F-16F7-4668-BE54-9A1E7A4F7556}") = "SocialNetwork.Constants", "SocialNetwork.Constants\SocialNetwork.Constants.csproj", "{15276292-1B4B-4E7B-9DD6-7C8D7173FB6B}"
EndProject
Project("{9A19103F-16F7-4668-BE54-9A1E7A4F7556}") = "SocialNetwork.Migrations", "SocialNetwork.Migrations\SocialNetwork.Migrations.csproj", "{D06BB8E5-6FBD-419B-9F1C-03D021A70422}"
EndProject
Project("{FAE04EC0-301F-11D3-BF4B-00C04F79EFBC}") = "SocialNetwork.Services.Test", "SocialNetwork.Services.Test\SocialNetwork.Services.Test.csproj", "{313A2A2A-D0B7-4BA5-9D7C-38A9E1A2EC78}"
EndProject
Project("{FAE04EC0-301F-11D3-BF4B-00C04F79EFBC}") = "SocialNetwork.TestSimulations", "SocialNetwork.TestSimulations\SocialNetwork.TestSimulations.csproj", "{78B91DB1-7FDC-42DD-AE0D-2D599271728D}"
EndProject
Global
	GlobalSection(SolutionConfigurationPlatforms) = preSolution
		Debug|Any CPU = Debug|Any CPU
		Debug|x64 = Debug|x64
		Debug|x86 = Debug|x86
		Release|Any CPU = Release|Any CPU
		Release|x64 = Release|x64
		Release|x86 = Release|x86
	EndGlobalSection
	GlobalSection(ProjectConfigurationPlatforms) = postSolution
		{EBDBAF6A-1943-4E4C-AE05-D38CFA5E8CE1}.Debug|Any CPU.ActiveCfg = Debug|Any CPU
		{EBDBAF6A-1943-4E4C-AE05-D38CFA5E8CE1}.Debug|Any CPU.Build.0 = Debug|Any CPU
		{EBDBAF6A-1943-4E4C-AE05-D38CFA5E8CE1}.Debug|x64.ActiveCfg = Debug|Any CPU
		{EBDBAF6A-1943-4E4C-AE05-D38CFA5E8CE1}.Debug|x64.Build.0 = Debug|Any CPU
		{EBDBAF6A-1943-4E4C-AE05-D38CFA5E8CE1}.Debug|x86.ActiveCfg = Debug|Any CPU
		{EBDBAF6A-1943-4E4C-AE05-D38CFA5E8CE1}.Debug|x86.Build.0 = Debug|Any CPU
		{EBDBAF6A-1943-4E4C-AE05-D38CFA5E8CE1}.Release|Any CPU.ActiveCfg = Release|Any CPU
		{EBDBAF6A-1943-4E4C-AE05-D38CFA5E8CE1}.Release|Any CPU.Build.0 = Release|Any CPU
		{EBDBAF6A-1943-4E4C-AE05-D38CFA5E8CE1}.Release|x64.ActiveCfg = Release|Any CPU
		{EBDBAF6A-1943-4E4C-AE05-D38CFA5E8CE1}.Release|x64.Build.0 = Release|Any CPU
		{EBDBAF6A-1943-4E4C-AE05-D38CFA5E8CE1}.Release|x86.ActiveCfg = Release|Any CPU
		{EBDBAF6A-1943-4E4C-AE05-D38CFA5E8CE1}.Release|x86.Build.0 = Release|Any CPU
		{3817630B-63D0-4B89-8A59-D969B00E5CDA}.Debug|Any CPU.ActiveCfg = Debug|Any CPU
		{3817630B-63D0-4B89-8A59-D969B00E5CDA}.Debug|Any CPU.Build.0 = Debug|Any CPU
		{3817630B-63D0-4B89-8A59-D969B00E5CDA}.Debug|x64.ActiveCfg = Debug|Any CPU
		{3817630B-63D0-4B89-8A59-D969B00E5CDA}.Debug|x64.Build.0 = Debug|Any CPU
		{3817630B-63D0-4B89-8A59-D969B00E5CDA}.Debug|x86.ActiveCfg = Debug|Any CPU
		{3817630B-63D0-4B89-8A59-D969B00E5CDA}.Debug|x86.Build.0 = Debug|Any CPU
		{3817630B-63D0-4B89-8A59-D969B00E5CDA}.Release|Any CPU.ActiveCfg = Release|Any CPU
		{3817630B-63D0-4B89-8A59-D969B00E5CDA}.Release|Any CPU.Build.0 = Release|Any CPU
		{3817630B-63D0-4B89-8A59-D969B00E5CDA}.Release|x64.ActiveCfg = Release|Any CPU
		{3817630B-63D0-4B89-8A59-D969B00E5CDA}.Release|x64.Build.0 = Release|Any CPU
		{3817630B-63D0-4B89-8A59-D969B00E5CDA}.Release|x86.ActiveCfg = Release|Any CPU
		{3817630B-63D0-4B89-8A59-D969B00E5CDA}.Release|x86.Build.0 = Release|Any CPU
		{96F2DC1B-B870-472A-B4C7-F5F3D36F10F4}.Debug|Any CPU.ActiveCfg = Debug|Any CPU
		{96F2DC1B-B870-472A-B4C7-F5F3D36F10F4}.Debug|Any CPU.Build.0 = Debug|Any CPU
		{96F2DC1B-B870-472A-B4C7-F5F3D36F10F4}.Debug|x64.ActiveCfg = Debug|Any CPU
		{96F2DC1B-B870-472A-B4C7-F5F3D36F10F4}.Debug|x64.Build.0 = Debug|Any CPU
		{96F2DC1B-B870-472A-B4C7-F5F3D36F10F4}.Debug|x86.ActiveCfg = Debug|Any CPU
		{96F2DC1B-B870-472A-B4C7-F5F3D36F10F4}.Debug|x86.Build.0 = Debug|Any CPU
		{96F2DC1B-B870-472A-B4C7-F5F3D36F10F4}.Release|Any CPU.ActiveCfg = Release|Any CPU
		{96F2DC1B-B870-472A-B4C7-F5F3D36F10F4}.Release|Any CPU.Build.0 = Release|Any CPU
		{96F2DC1B-B870-472A-B4C7-F5F3D36F10F4}.Release|x64.ActiveCfg = Release|Any CPU
		{96F2DC1B-B870-472A-B4C7-F5F3D36F10F4}.Release|x64.Build.0 = Release|Any CPU
		{96F2DC1B-B870-472A-B4C7-F5F3D36F10F4}.Release|x86.ActiveCfg = Release|Any CPU
		{96F2DC1B-B870-472A-B4C7-F5F3D36F10F4}.Release|x86.Build.0 = Release|Any CPU
		{06B37E2B-20F7-4840-8B1B-EE710A93E15D}.Debug|Any CPU.ActiveCfg = Debug|Any CPU
		{06B37E2B-20F7-4840-8B1B-EE710A93E15D}.Debug|Any CPU.Build.0 = Debug|Any CPU
		{06B37E2B-20F7-4840-8B1B-EE710A93E15D}.Debug|x64.ActiveCfg = Debug|Any CPU
		{06B37E2B-20F7-4840-8B1B-EE710A93E15D}.Debug|x64.Build.0 = Debug|Any CPU
		{06B37E2B-20F7-4840-8B1B-EE710A93E15D}.Debug|x86.ActiveCfg = Debug|Any CPU
		{06B37E2B-20F7-4840-8B1B-EE710A93E15D}.Debug|x86.Build.0 = Debug|Any CPU
		{06B37E2B-20F7-4840-8B1B-EE710A93E15D}.Release|Any CPU.ActiveCfg = Release|Any CPU
		{06B37E2B-20F7-4840-8B1B-EE710A93E15D}.Release|Any CPU.Build.0 = Release|Any CPU
		{06B37E2B-20F7-4840-8B1B-EE710A93E15D}.Release|x64.ActiveCfg = Release|Any CPU
		{06B37E2B-20F7-4840-8B1B-EE710A93E15D}.Release|x64.Build.0 = Release|Any CPU
		{06B37E2B-20F7-4840-8B1B-EE710A93E15D}.Release|x86.ActiveCfg = Release|Any CPU
		{06B37E2B-20F7-4840-8B1B-EE710A93E15D}.Release|x86.Build.0 = Release|Any CPU
		{15F2EA46-010C-4D04-AE27-C19B53D3151D}.Debug|Any CPU.ActiveCfg = Debug|Any CPU
		{15F2EA46-010C-4D04-AE27-C19B53D3151D}.Debug|Any CPU.Build.0 = Debug|Any CPU
		{15F2EA46-010C-4D04-AE27-C19B53D3151D}.Debug|x64.ActiveCfg = Debug|Any CPU
		{15F2EA46-010C-4D04-AE27-C19B53D3151D}.Debug|x64.Build.0 = Debug|Any CPU
		{15F2EA46-010C-4D04-AE27-C19B53D3151D}.Debug|x86.ActiveCfg = Debug|Any CPU
		{15F2EA46-010C-4D04-AE27-C19B53D3151D}.Debug|x86.Build.0 = Debug|Any CPU
		{15F2EA46-010C-4D04-AE27-C19B53D3151D}.Release|Any CPU.ActiveCfg = Release|Any CPU
		{15F2EA46-010C-4D04-AE27-C19B53D3151D}.Release|Any CPU.Build.0 = Release|Any CPU
		{15F2EA46-010C-4D04-AE27-C19B53D3151D}.Release|x64.ActiveCfg = Release|Any CPU
		{15F2EA46-010C-4D04-AE27-C19B53D3151D}.Release|x64.Build.0 = Release|Any CPU
		{15F2EA46-010C-4D04-AE27-C19B53D3151D}.Release|x86.ActiveCfg = Release|Any CPU
		{15F2EA46-010C-4D04-AE27-C19B53D3151D}.Release|x86.Build.0 = Release|Any CPU
		{82558D7E-9947-45D1-926D-A81B1044BA29}.Debug|Any CPU.ActiveCfg = Debug|Any CPU
		{82558D7E-9947-45D1-926D-A81B1044BA29}.Debug|Any CPU.Build.0 = Debug|Any CPU
		{82558D7E-9947-45D1-926D-A81B1044BA29}.Debug|x64.ActiveCfg = Debug|Any CPU
		{82558D7E-9947-45D1-926D-A81B1044BA29}.Debug|x64.Build.0 = Debug|Any CPU
		{82558D7E-9947-45D1-926D-A81B1044BA29}.Debug|x86.ActiveCfg = Debug|Any CPU
		{82558D7E-9947-45D1-926D-A81B1044BA29}.Debug|x86.Build.0 = Debug|Any CPU
		{82558D7E-9947-45D1-926D-A81B1044BA29}.Release|Any CPU.ActiveCfg = Release|Any CPU
		{82558D7E-9947-45D1-926D-A81B1044BA29}.Release|Any CPU.Build.0 = Release|Any CPU
		{82558D7E-9947-45D1-926D-A81B1044BA29}.Release|x64.ActiveCfg = Release|Any CPU
		{82558D7E-9947-45D1-926D-A81B1044BA29}.Release|x64.Build.0 = Release|Any CPU
		{82558D7E-9947-45D1-926D-A81B1044BA29}.Release|x86.ActiveCfg = Release|Any CPU
		{82558D7E-9947-45D1-926D-A81B1044BA29}.Release|x86.Build.0 = Release|Any CPU
		{3219AF7D-8B22-4EF6-91FF-5AF3B2AE8144}.Debug|Any CPU.ActiveCfg = Debug|Any CPU
		{3219AF7D-8B22-4EF6-91FF-5AF3B2AE8144}.Debug|Any CPU.Build.0 = Debug|Any CPU
		{3219AF7D-8B22-4EF6-91FF-5AF3B2AE8144}.Debug|x64.ActiveCfg = Debug|Any CPU
		{3219AF7D-8B22-4EF6-91FF-5AF3B2AE8144}.Debug|x64.Build.0 = Debug|Any CPU
		{3219AF7D-8B22-4EF6-91FF-5AF3B2AE8144}.Debug|x86.ActiveCfg = Debug|Any CPU
		{3219AF7D-8B22-4EF6-91FF-5AF3B2AE8144}.Debug|x86.Build.0 = Debug|Any CPU
		{3219AF7D-8B22-4EF6-91FF-5AF3B2AE8144}.Release|Any CPU.ActiveCfg = Release|Any CPU
		{3219AF7D-8B22-4EF6-91FF-5AF3B2AE8144}.Release|Any CPU.Build.0 = Release|Any CPU
		{3219AF7D-8B22-4EF6-91FF-5AF3B2AE8144}.Release|x64.ActiveCfg = Release|Any CPU
		{3219AF7D-8B22-4EF6-91FF-5AF3B2AE8144}.Release|x64.Build.0 = Release|Any CPU
		{3219AF7D-8B22-4EF6-91FF-5AF3B2AE8144}.Release|x86.ActiveCfg = Release|Any CPU
		{3219AF7D-8B22-4EF6-91FF-5AF3B2AE8144}.Release|x86.Build.0 = Release|Any CPU
		{15276292-1B4B-4E7B-9DD6-7C8D7173FB6B}.Debug|Any CPU.ActiveCfg = Debug|Any CPU
		{15276292-1B4B-4E7B-9DD6-7C8D7173FB6B}.Debug|Any CPU.Build.0 = Debug|Any CPU
		{15276292-1B4B-4E7B-9DD6-7C8D7173FB6B}.Debug|x64.ActiveCfg = Debug|Any CPU
		{15276292-1B4B-4E7B-9DD6-7C8D7173FB6B}.Debug|x64.Build.0 = Debug|Any CPU
		{15276292-1B4B-4E7B-9DD6-7C8D7173FB6B}.Debug|x86.ActiveCfg = Debug|Any CPU
		{15276292-1B4B-4E7B-9DD6-7C8D7173FB6B}.Debug|x86.Build.0 = Debug|Any CPU
		{15276292-1B4B-4E7B-9DD6-7C8D7173FB6B}.Release|Any CPU.ActiveCfg = Release|Any CPU
		{15276292-1B4B-4E7B-9DD6-7C8D7173FB6B}.Release|Any CPU.Build.0 = Release|Any CPU
		{15276292-1B4B-4E7B-9DD6-7C8D7173FB6B}.Release|x64.ActiveCfg = Release|Any CPU
		{15276292-1B4B-4E7B-9DD6-7C8D7173FB6B}.Release|x64.Build.0 = Release|Any CPU
		{15276292-1B4B-4E7B-9DD6-7C8D7173FB6B}.Release|x86.ActiveCfg = Release|Any CPU
		{15276292-1B4B-4E7B-9DD6-7C8D7173FB6B}.Release|x86.Build.0 = Release|Any CPU
		{D06BB8E5-6FBD-419B-9F1C-03D021A70422}.Debug|Any CPU.ActiveCfg = Debug|Any CPU
		{D06BB8E5-6FBD-419B-9F1C-03D021A70422}.Debug|Any CPU.Build.0 = Debug|Any CPU
		{D06BB8E5-6FBD-419B-9F1C-03D021A70422}.Debug|x64.ActiveCfg = Debug|Any CPU
		{D06BB8E5-6FBD-419B-9F1C-03D021A70422}.Debug|x64.Build.0 = Debug|Any CPU
		{D06BB8E5-6FBD-419B-9F1C-03D021A70422}.Debug|x86.ActiveCfg = Debug|Any CPU
		{D06BB8E5-6FBD-419B-9F1C-03D021A70422}.Debug|x86.Build.0 = Debug|Any CPU
		{D06BB8E5-6FBD-419B-9F1C-03D021A70422}.Release|Any CPU.ActiveCfg = Release|Any CPU
		{D06BB8E5-6FBD-419B-9F1C-03D021A70422}.Release|Any CPU.Build.0 = Release|Any CPU
		{D06BB8E5-6FBD-419B-9F1C-03D021A70422}.Release|x64.ActiveCfg = Release|Any CPU
		{D06BB8E5-6FBD-419B-9F1C-03D021A70422}.Release|x64.Build.0 = Release|Any CPU
		{D06BB8E5-6FBD-419B-9F1C-03D021A70422}.Release|x86.ActiveCfg = Release|Any CPU
		{D06BB8E5-6FBD-419B-9F1C-03D021A70422}.Release|x86.Build.0 = Release|Any CPU
		{313A2A2A-D0B7-4BA5-9D7C-38A9E1A2EC78}.Debug|Any CPU.ActiveCfg = Debug|Any CPU
		{313A2A2A-D0B7-4BA5-9D7C-38A9E1A2EC78}.Debug|Any CPU.Build.0 = Debug|Any CPU
		{313A2A2A-D0B7-4BA5-9D7C-38A9E1A2EC78}.Debug|x64.ActiveCfg = Debug|Any CPU
		{313A2A2A-D0B7-4BA5-9D7C-38A9E1A2EC78}.Debug|x64.Build.0 = Debug|Any CPU
		{313A2A2A-D0B7-4BA5-9D7C-38A9E1A2EC78}.Debug|x86.ActiveCfg = Debug|Any CPU
		{313A2A2A-D0B7-4BA5-9D7C-38A9E1A2EC78}.Debug|x86.Build.0 = Debug|Any CPU
		{313A2A2A-D0B7-4BA5-9D7C-38A9E1A2EC78}.Release|Any CPU.ActiveCfg = Release|Any CPU
		{313A2A2A-D0B7-4BA5-9D7C-38A9E1A2EC78}.Release|Any CPU.Build.0 = Release|Any CPU
		{313A2A2A-D0B7-4BA5-9D7C-38A9E1A2EC78}.Release|x64.ActiveCfg = Release|Any CPU
		{313A2A2A-D0B7-4BA5-9D7C-38A9E1A2EC78}.Release|x64.Build.0 = Release|Any CPU
		{313A2A2A-D0B7-4BA5-9D7C-38A9E1A2EC78}.Release|x86.ActiveCfg = Release|Any CPU
		{313A2A2A-D0B7-4BA5-9D7C-38A9E1A2EC78}.Release|x86.Build.0 = Release|Any CPU
		{78B91DB1-7FDC-42DD-AE0D-2D599271728D}.Debug|Any CPU.ActiveCfg = Debug|Any CPU
		{78B91DB1-7FDC-42DD-AE0D-2D599271728D}.Debug|Any CPU.Build.0 = Debug|Any CPU
		{78B91DB1-7FDC-42DD-AE0D-2D599271728D}.Debug|x64.ActiveCfg = Debug|Any CPU
		{78B91DB1-7FDC-42DD-AE0D-2D599271728D}.Debug|x64.Build.0 = Debug|Any CPU
		{78B91DB1-7FDC-42DD-AE0D-2D599271728D}.Debug|x86.ActiveCfg = Debug|Any CPU
		{78B91DB1-7FDC-42DD-AE0D-2D599271728D}.Debug|x86.Build.0 = Debug|Any CPU
		{78B91DB1-7FDC-42DD-AE0D-2D599271728D}.Release|Any CPU.ActiveCfg = Release|Any CPU
		{78B91DB1-7FDC-42DD-AE0D-2D599271728D}.Release|Any CPU.Build.0 = Release|Any CPU
		{78B91DB1-7FDC-42DD-AE0D-2D599271728D}.Release|x64.ActiveCfg = Release|Any CPU
		{78B91DB1-7FDC-42DD-AE0D-2D599271728D}.Release|x64.Build.0 = Release|Any CPU
		{78B91DB1-7FDC-42DD-AE0D-2D599271728D}.Release|x86.ActiveCfg = Release|Any CPU
		{78B91DB1-7FDC-42DD-AE0D-2D599271728D}.Release|x86.Build.0 = Release|Any CPU
	EndGlobalSection
	GlobalSection(SolutionProperties) = preSolution
		HideSolutionNode = FALSE
	EndGlobalSection
	GlobalSection(ExtensibilityGlobals) = postSolution
		SolutionGuid = {F562C610-583F-4C2C-9045-72AAA355A8DD}
	EndGlobalSection
EndGlobal
